code.cloudfoundry.org/go-diodes v0.0.0-20190809170250-f77fb823c7ee h1:iAAPf9s7/+BIiGf+RjgcXLm3NoZaLIJsBXJuUa63Lx8=
code.cloudfoundry.org/go-diodes v0.0.0-20190809170250-f77fb823c7ee/go.mod h1:Jzi+ccHgo/V/PLQUaQ6hnZcC1c4BS790gx21LRRui4g=
github.com/aler9/gortsplib v0.0.0-20200324161709-0657f277d8d6 h1:sgpwVBAQNRHj4t7qa9vGrW9KXqMJv74M3SnRcyXvizg=
github.com/aler9/gortsplib v0.0.0-20200324161709-0657f277d8d6/go.mod h1:YiIgmmv0ELkWUy11Jj2h5AgfqLCpy8sIX/l9MmS8+uw=
github.com/andybalholm/brotli v1.0.0 h1:7UCwP93aiSfvWpapti8g88vVVGp2qqtGyePsSuDafo4=
github.com/andybalholm/brotli v1.0.0/go.mod h1:loMXtMfwqflxFJPmdbJO0a3KNoPuLBgiu3qAvBg8x/Y=
github.com/arran4/golang-ical v0.0.0-20200314043952-7d4940584ecd h1:Yvu285J3YTE3cCCE5rgUGB7sP988cYolf81eP2b3r3U=
github.com/arran4/golang-ical v0.0.0-20200314043952-7d4940584ecd/go.mod h1:OvKAaLVUQD5P9ZCgnI5qbpkX8fil6yAnorhTaVZnVWk=
github.com/bobziuchkovski/digest v0.0.0-20160204210651-26857231d60c h1:oW9/rN2CXHBql6Gwqg4v1qhdDu8RrHAR835sV7zkSNc=
github.com/bobziuchkovski/digest v0.0.0-20160204210651-26857231d60c/go.mod h1:ywjd9SVSEeBGxYVpvNYTMc/2KcEtvA29+9PegYh9ysM=
github.com/cheekybits/genny v1.0.0/go.mod h1:+tQajlRqAUrPI7DOSpB0XAqZYtQakVtB7wXkRAgjxjQ=
github.com/chzyer/logex v1.1.10/go.mod h1:+Ywpsq7O8HXn0nuIou7OrIPyXbp3wmkHB+jjWRnGsAI=
github.com/chzyer/readline v0.0.0-20180603132655-2972be24d48e/go.mod h1:nSuG5e5PlCu98SY8svDHJxuZscDgtXS6KTTbou5AhLI=
github.com/chzyer/test v0.0.0-20180213035817-a1ea475d72b1/go.mod h1:Q3SI9o4m/ZMnBNeIyt5eFwwo7qiLfzFZmjNmxjkiQlU=
github.com/cloudfoundry/go-diodes v0.0.0-20190809170250-f77fb823c7ee h1:a0i2U/BTd4iH6szrSNLBaM+pOj6FcI3WPacVhyLMOGs=
github.com/cloudfoundry/go-diodes v0.0.0-20190809170250-f77fb823c7ee/go.mod h1:p2SBFb1rHYyh0pZOKV97Rl+O78rEGMfCxSPkEyKmFRM=
github.com/coreos/go-systemd v0.0.0-20190321100706-95778dfbb74e/go.mod h1:F5haX7vjVVG0kc13fIWeqUViNPyEJxv/OmvnBo0Yme4=
github.com/davecgh/go-spew v1.1.0/go.mod h1:J7Y8YcW2NihsgmVo/mv3lAwl/skON4iLHjSsI+c5H38=
github.com/davecgh/go-spew v1.1.1/go.mod h1:J7Y8YcW2NihsgmVo/mv3lAwl/skON4iLHjSsI+c5H38=
github.com/delphinus/go-digest-request v1.0.1 h1:lBGg90cx7Hgi/HunCSuWPMP37Gg5m+xink1OTZmS9zI=
github.com/delphinus/go-digest-request v1.0.1/go.mod h1:UNNTly3LBEti8mIl4QS0t4qa9xjuatG+9Hdwu28Sl84=
github.com/delphinus/random-string v1.0.0 h1:04SV3NczJBfcs187l5rKKq+NuMPeUtNFWT2PNm5BPwE=
github.com/delphinus/random-string v1.0.0/go.mod h1:ELCpy0945HVDsRqC2pEzXLO5/lOUE7NYrVIwVmh21Ww=
github.com/fsnotify/fsnotify v1.4.7/go.mod h1:jwhsz4b93w/PPRr/qN1Yymfu8t87LnFCMoQvtojpjFo=
github.com/golang/mock v1.2.0/go.mod h1:oTYuIxOrZwtPieC+H1uAHpcLFnEyAGVDL/k47Jfbm0A=
github.com/golang/protobuf v1.2.0/go.mod h1:6lQm79b+lXiMfvg/cZm0SGofjICqVBUtrP5yJMmIC1U=
github.com/google/uuid v1.1.1 h1:Gkbcsh/GbpXz7lPftLA3P6TYMwjCLYm83jiFQZF/3gY=
github.com/google/uuid v1.1.1/go.mod h1:TIyPZe4MgqvfeYDBFedMoGGpEw/LqOeaOT+nhxU+yHo=
github.com/gorilla/mux v1.7.4 h1:VuZ8uybHlWmqV03+zRzdwKL4tUnIp1MAQtp1mIFE1bc=
github.com/gorilla/mux v1.7.4/go.mod h1:DVbg23sWSpFRCP0SfiEN6jmj59UnW/n46BH5rLB71So=
github.com/gorilla/websocket v1.4.2 h1:+/TMaTYc4QFitKJxsQ7Yye35DkWvkdLcvGKqM+x0Ufc=
github.com/gorilla/websocket v1.4.2/go.mod h1:YR8l580nyteQvAITg2hZ9XVh4b55+EU/adAjf1fMHhE=
github.com/hpcloud/tail v1.0.0/go.mod h1:ab1qPbhIpdTxEkNHXyeSf5vhxWSCs/tWer42PpOxQnU=
github.com/klauspost/compress v1.10.4 h1:jFzIFaf586tquEB5EhzQG0HwGNSlgAJpG53G6Ss11wc=
github.com/klauspost/compress v1.10.4/go.mod h1:aoV0uJVorq1K+umq18yTdKaF57EivdYsUV+/s2qKfXs=
github.com/kr/pretty v0.1.0/go.mod h1:dAy3ld7l9f0ibDNOQOHHMYYIIbhfbHSm3C4ZsoJORNo=
github.com/kr/pty v1.1.1/go.mod h1:pFQYn66WHrOpPYNljwOMqo10TkYh1fy3cYio2l3bCsQ=
github.com/kr/text v0.1.0/go.mod h1:4Jbv+DJW3UT/LiOwJeYQe1efqtUx/iVham/4vfdArNI=
github.com/lucas-clemente/quic-go v0.7.1-0.20190401152353-907071221cf9/go.mod h1:PpMmPfPKO9nKJ/psF49ESTAGQSdfXxlg1otPbEB2nOw=
github.com/marten-seemann/qtls v0.2.3/go.mod h1:xzjG7avBwGGbdZ8dTGxlBnLArsVKLvwmjgmPuiQEcYk=
github.com/nareix/joy4 v0.0.0-20200507095837-05a4ffbb5369 h1:Yp0zFEufLz0H7jzffb4UPXijavlyqlYeOg7dcyVUNnQ=
github.com/nareix/joy4 v0.0.0-20200507095837-05a4ffbb5369/go.mod h1:aFJ1ZwLjvHN4yEzE5Bkz8rD8/d8Vlj3UIuvz2yfET7I=
github.com/onsi/ginkgo v1.6.0/go.mod h1:lLunBs/Ym6LB5Z9jYTR76FiuTmxDTDusOGeTQH+WWjE=
github.com/onsi/ginkgo v1.7.0/go.mod h1:lLunBs/Ym6LB5Z9jYTR76FiuTmxDTDusOGeTQH+WWjE=
github.com/onsi/gomega v1.4.3/go.mod h1:ex+gbHU/CVuBBDIJjb2X0qEXbFg53c61hWP/1CpauHY=
github.com/pion/datachannel v1.4.16 h1:dvuDC0IBMUDQvwO+gRu0Dv+W5j7rrgNpCmtheb6iYnc=
github.com/pion/datachannel v1.4.16/go.mod h1:gRGhxZv7X2/30Qxes4WEXtimKBXcwj/3WsDtBlHnvJY=
github.com/pion/dtls/v2 v2.0.0-rc.7/go.mod h1:U199DvHpRBN0muE9+tVN4TMy1jvEhZIZ63lk4xkvVSk=
github.com/pion/dtls/v2 v2.0.0-rc.9 h1:wPb0JKmYoleAM2o8vQSPaUM+geJq7l0AdeUlPsg19ec=
github.com/pion/dtls/v2 v2.0.0-rc.9/go.mod h1:6eFkFvpo0T+odQ+39HFEtOO7LX5cUlFqXdSo4ucZtGg=
github.com/pion/ice v0.7.10 h1:ydViRi+ZqvCzbJYNLuQoOqOJflSPVIGVC3NL6PDecm8=
github.com/pion/ice v0.7.10/go.mod h1:YufCtyMmPeZXGTuARCracYfe0mb3EXbcRUS+vHJB5Cs=
github.com/pion/logging v0.2.2 h1:M9+AIj/+pxNsDfAT64+MAVgJO0rsyLnoJKCqf//DoeY=
github.com/pion/logging v0.2.2/go.mod h1:k0/tDVsRCX2Mb2ZEmTqNa7CWsQPc+YYCB7Q+5pahoms=
github.com/pion/mdns v0.0.4 h1:O4vvVqr4DGX63vzmO6Fw9vpy3lfztVWHGCQfyw0ZLSY=
github.com/pion/mdns v0.0.4/go.mod h1:R1sL0p50l42S5lJs91oNdUL58nm0QHrhxnSegr++qC0=
github.com/pion/quic v0.1.1/go.mod h1:zEU51v7ru8Mp4AUBJvj6psrSth5eEFNnVQK5K48oV3k=
github.com/pion/rtcp v1.2.1 h1:S3yG4KpYAiSmBVqKAfgRa5JdwBNj4zK3RLUa8JYdhak=
github.com/pion/rtcp v1.2.1/go.mod h1:a5dj2d6BKIKHl43EnAOIrCczcjESrtPuMgfmL6/K6QM=
github.com/pion/rtp v1.3.2 h1:Yfzf1mU4Zmg7XWHitzYe2i+l+c68iO+wshzIUW44p1c=
github.com/pion/rtp v1.3.2/go.mod h1:q9wPnA96pu2urCcW/sK/RiDn597bhGoAQQ+y2fDwHuY=
github.com/pion/sctp v1.7.6 h1:8qZTdJtbKfAns/Hv5L0PAj8FyXcsKhMH1pKUCGisQg4=
github.com/pion/sctp v1.7.6/go.mod h1:ichkYQ5tlgCQwEwvgfdcAolqx1nHbYCxo4D7zK/K0X8=
github.com/pion/sdp/v2 v2.3.4 h1:+f3F5Xl7ynVhc9Il8Dc7BFroYJWG3PMbfWtwFlVI+kg=
github.com/pion/sdp/v2 v2.3.4/go.mod h1:jccXVYW0fuK6ds2pwKr89SVBDYlCjhgMI6nucl5R5rA=
github.com/pion/srtp v1.3.1 h1:WNDLN41ST0P6cXRpzx97JJW//vChAEo1+Etdqo+UMnM=
github.com/pion/srtp v1.3.1/go.mod h1:nxEytDDGTN+eNKJ1l5gzOCWQFuksgijorsSlgEjc40Y=
github.com/pion/stun v0.3.3 h1:brYuPl9bN9w/VM7OdNzRSLoqsnwlyNvD9MVeJrHjDQw=
github.com/pion/stun v0.3.3/go.mod h1:xrCld6XM+6GWDZdvjPlLMsTU21rNxnO6UO8XsAvHr/M=
github.com/pion/transport v0.6.0/go.mod h1:iWZ07doqOosSLMhZ+FXUTq+TamDoXSllxpbGcfkCmbE=
github.com/pion/transport v0.8.10/go.mod h1:tBmha/UCjpum5hqTWhfAEs3CO4/tHSg0MYRhSzR+CZ8=
github.com/pion/transport v0.10.0 h1:9M12BSneJm6ggGhJyWpDveFOstJsTiQjkLf4M44rm80=
github.com/pion/transport v0.10.0/go.mod h1:BnHnUipd0rZQyTVB2SBGojFHT9CBt5C5TcsJSQGkvSE=
github.com/pion/turn/v2 v2.0.3 h1:SJUUIbcPoehlyZgMyIUbBBDhI03sBx32x3JuSIBKBWA=
github.com/pion/turn/v2 v2.0.3/go.mod h1:kl1hmT3NxcLynpXVnwJgObL8C9NaCyPTeqI2DcCpSZs=
github.com/pion/webrtc v1.2.0 h1:3LGGPQEMacwG2hcDfhdvwQPz315gvjZXOfY4vaF4+I4=
github.com/pion/webrtc/v2 v2.2.4 h1:elWyBI/6S2kNoJ5rcTj2EMAvp/fmeiEqiuYbUd0ShRA=
github.com/pion/webrtc/v2 v2.2.4/go.mod h1:9vTqkEISnB5AXlggrFSBLGSz/kopQuYUYzHubuFpnCU=
github.com/pkg/errors v0.8.0/go.mod h1:bwawxfHBFNV+L2hUp1rHADufV3IMtnDRdf1r5NINEl0=
github.com/pkg/errors v0.8.1/go.mod h1:bwawxfHBFNV+L2hUp1rHADufV3IMtnDRdf1r5NINEl0=
github.com/pkg/errors v0.9.1 h1:FEBLx1zS214owpjy7qsBeixbURkuhQAwrK5UwLGTwt4=
github.com/pkg/errors v0.9.1/go.mod h1:bwawxfHBFNV+L2hUp1rHADufV3IMtnDRdf1r5NINEl0=
github.com/pmezard/go-difflib v1.0.0/go.mod h1:iKH77koFhYxTK1pcRnkKkqfTogsbg7gZNVY4sRDYZ/4=
github.com/rs/xid v1.2.1/go.mod h1:+uKXf+4Djp6Md1KODXJxgGQPKngRmWyn10oCKFzNHOQ=
github.com/rs/zerolog v1.18.0 h1:CbAm3kP2Tptby1i9sYy2MGRg0uxIN9cyDb59Ys7W8z8=
github.com/rs/zerolog v1.18.0/go.mod h1:9nvC1axdVrAHcu/s9taAVfBuIdTZLVQmKQyvrUjF5+I=
github.com/satori/go.uuid v1.2.0 h1:0uYX9dsZ2yD7q2RtLRtPSdGDWzjeM3TbMJP9utgA0ww=
github.com/satori/go.uuid v1.2.0/go.mod h1:dA0hQrYB0VpLJoorglMZABFdXlWrHn1NEOzdhQKdks0=
github.com/sclevine/agouti v3.0.0+incompatible/go.mod h1:b4WX9W9L1sfQKXeJf1mUTLZKJ48R1S7H23Ji7oFO5Bw=
github.com/shuLhan/go-bindata v3.4.0+incompatible h1:xlNGW4LRRs+BPBpefnlrgSqb9x7vNF9YyzKeMuuqMpk=
github.com/shuLhan/go-bindata v3.4.0+incompatible/go.mod h1:pkcPAATLBDD2+SpAPnX5vEM90F7fcwHCvvLCMXcmw3g=
github.com/stretchr/objx v0.1.0/go.mod h1:HFkY916IF+rwdDfMAkV7OtwuqBVzrE8GR6GFx+wExME=
github.com/stretchr/testify v1.3.0/go.mod h1:M5WIy9Dh21IEIfnGCwXGc5bZfKNJtfHm1UVUgZn+9EI=
github.com/stretchr/testify v1.4.0/go.mod h1:j7eGeouHqKxXV5pUuKE4zz7dFj8WfuZ+81PSLYec5m4=
github.com/stretchr/testify v1.5.1/go.mod h1:5W2xD1RspED5o8YsWQXVCued0rvSQ+mT+I5cxcmMvtA=
github.com/valyala/bytebufferpool v1.0.0 h1:GqA5TC/0021Y/b9FG4Oi9Mr3q7XYx6KllzawFIhcdPw=
github.com/valyala/bytebufferpool v1.0.0/go.mod h1:6bBcMArwyJ5K/AmCkWv1jt77kVWyCJ6HpOuEn7z0Csc=
github.com/valyala/fasthttp v1.14.0 h1:67bfuW9azCMwW/Jlq/C+VeihNpAuJMWkYPBig1gdi3A=
github.com/valyala/fasthttp v1.14.0/go.mod h1:ol1PCaL0dX20wC0htZ7sYCsvCYmrouYra0zHzaclZhE=
github.com/valyala/tcplisten v0.0.0-20161114210144-ceec8f93295a/go.mod h1:v3UYOV9WzVtRmSR+PDvWpU/qWl4Wa5LApYYX4ZtKbio=
github.com/vishvananda/netlink v1.1.0 h1:1iyaYNBLmP6L0220aDnYQpo1QEV4t4hJ+xEEhhJH8j0=
github.com/vishvananda/netlink v1.1.0/go.mod h1:cTgwzPIzzgDAYoQrMm0EdrjRUBkTqKYppBueQtXaqoE=
github.com/vishvananda/netns v0.0.0-20191106174202-0a2b9b5464df h1:OviZH7qLw/7ZovXvuNyL3XQl8UFofeikI1NW1Gypu7k=
github.com/vishvananda/netns v0.0.0-20191106174202-0a2b9b5464df/go.mod h1:JP3t17pCcGlemwknint6hfoeCVQrEMVwxRLRjXpq+BU=
github.com/xinsnake/go-http-digest-auth-client v0.4.0 h1:tTaEBUSDiMi7RDIuj0fy/pszIub8g2DmLjTelB3/3Tk=
github.com/xinsnake/go-http-digest-auth-client v0.4.0/go.mod h1:QK1t1v7ylyGb363vGWu+6Irh7gyFj+N7+UZzM0L6g8I=
github.com/yuin/gopher-lua v0.0.0-20191220021717-ab39c6098bdb h1:ZkM6LRnq40pR1Ox0hTHlnpkcOTuFIDQpZ1IN8rKKhX0=
github.com/yuin/gopher-lua v0.0.0-20191220021717-ab39c6098bdb/go.mod h1:gqRgreBUhTSL0GeU64rtZ3Uq3wtjOa/TB2YfrtkCbVQ=
github.com/zenazn/goji v0.9.0/go.mod h1:7S9M489iMyHBNxwZnk9/EHS098H4/F6TATF2mIxtB1Q=
go.starlark.net v0.0.0-20200519165436-0aa95694c768 h1:p1NBjkIS2bHXntFxS9zhyFmZ9VKtazqNnsn5r7okSTo=
go.starlark.net v0.0.0-20200519165436-0aa95694c768/go.mod h1:nmDLcffg48OtT/PSW0Hg7FvpRQsQh5OSqIylirxKC7o=
golang.org/x/crypto v0.0.0-20190228161510-8dd112bcdc25/go.mod h1:djNgcEr1/C05ACkg1iLfiJU5Ep61QUkGW8qpdssI0+w=
golang.org/x/crypto v0.0.0-20190308221718-c2843e01d9a2/go.mod h1:djNgcEr1/C05ACkg1iLfiJU5Ep61QUkGW8qpdssI0+w=
golang.org/x/crypto v0.0.0-20200128174031-69ecbb4d6d5d/go.mod h1:LzIPMQfyMNhhGPhUkYOs5KpL4U8rLKemX1yGLhDgUto=
golang.org/x/crypto v0.0.0-20200221231518-2aa609cf4a9d h1:1ZiEyfaQIg3Qh0EoqpwAakHVhecoE5wlSg5GjnafJGw=
golang.org/x/crypto v0.0.0-20200221231518-2aa609cf4a9d/go.mod h1:LzIPMQfyMNhhGPhUkYOs5KpL4U8rLKemX1yGLhDgUto=
golang.org/x/net v0.0.0-20180906233101-161cd47e91fd/go.mod h1:mL1N/T3taQHkDXs73rZJwtUhF3w3ftmwwsq0BUmARs4=
golang.org/x/net v0.0.0-20190404232315-eb5bcb51f2a3/go.mod h1:t9HGtf8HONx5eT2rtn7q6eTqICYqUVnKs3thJo3Qplg=
golang.org/x/net v0.0.0-20190620200207-3b0461eec859/go.mod h1:z5CRVTTTmAJ677TzLLGU+0bjPO0LkuOLi4/5GtJWs/s=
golang.org/x/net v0.0.0-20191126235420-ef20fe5d7933/go.mod h1:z5CRVTTTmAJ677TzLLGU+0bjPO0LkuOLi4/5GtJWs/s=
golang.org/x/net v0.0.0-20200226121028-0de0cce0169b/go.mod h1:z5CRVTTTmAJ677TzLLGU+0bjPO0LkuOLi4/5GtJWs/s=
golang.org/x/net v0.0.0-20200301022130-244492dfa37a h1:GuSPYbZzB5/dcLNCwLQLsg3obCJtX9IJhpXkvY7kzk0=
golang.org/x/net v0.0.0-20200301022130-244492dfa37a/go.mod h1:z5CRVTTTmAJ677TzLLGU+0bjPO0LkuOLi4/5GtJWs/s=
golang.org/x/net v0.0.0-20200324143707-d3edc9973b7e h1:3G+cUijn7XD+S4eJFddp53Pv7+slrESplyjG25HgL+k=
golang.org/x/net v0.0.0-20200324143707-d3edc9973b7e/go.mod h1:qpuaurCH72eLCgpAm/N6yyVIVM9cpaDIP3A8BGJEC5A=
golang.org/x/sync v0.0.0-20180314180146-1d60e4601c6f/go.mod h1:RxMgew5VJxzue5/jJTE5uejpjVlOe/izrB70Jof72aM=
golang.org/x/sync v0.0.0-20190423024810-112230192c58/go.mod h1:RxMgew5VJxzue5/jJTE5uejpjVlOe/izrB70Jof72aM=
golang.org/x/sys v0.0.0-20180909124046-d0be0721c37e/go.mod h1:STP8DvDyc/dI5b8T5hshtkjS+E42TnysNCUPdjciGhY=
golang.org/x/sys v0.0.0-20190204203706-41f3e6584952/go.mod h1:STP8DvDyc/dI5b8T5hshtkjS+E42TnysNCUPdjciGhY=
golang.org/x/sys v0.0.0-20190215142949-d0b11bdaac8a/go.mod h1:STP8DvDyc/dI5b8T5hshtkjS+E42TnysNCUPdjciGhY=
golang.org/x/sys v0.0.0-20190228124157-a34e9553db1e/go.mod h1:STP8DvDyc/dI5b8T5hshtkjS+E42TnysNCUPdjciGhY=
golang.org/x/sys v0.0.0-20190412213103-97732733099d/go.mod h1:h1NjWce9XRLGQEsW7wpKNCjG9DtNlClVuFLEZdDNbEs=
golang.org/x/sys v0.0.0-20190606203320-7fc4e5ec1444/go.mod h1:h1NjWce9XRLGQEsW7wpKNCjG9DtNlClVuFLEZdDNbEs=
golang.org/x/sys v0.0.0-20191002063906-3421d5a6bb1c/go.mod h1:h1NjWce9XRLGQEsW7wpKNCjG9DtNlClVuFLEZdDNbEs=
golang.org/x/sys v0.0.0-20200323222414-85ca7c5b95cd/go.mod h1:h1NjWce9XRLGQEsW7wpKNCjG9DtNlClVuFLEZdDNbEs=
golang.org/x/sys v0.0.0-20200331124033-c3d80250170d h1:nc5K6ox/4lTFbMVSL9WRR81ixkcwXThoiF6yf+R9scA=
golang.org/x/sys v0.0.0-20200331124033-c3d80250170d/go.mod h1:h1NjWce9XRLGQEsW7wpKNCjG9DtNlClVuFLEZdDNbEs=
golang.org/x/text v0.3.0/go.mod h1:NqM8EUOU14njkJ3fqMW+pc6Ldnwhi/IjpwHt7yyuwOQ=
golang.org/x/tools v0.0.0-20190828213141-aed303cbaa74/go.mod h1:b+2E5dAYhXwXZwtnZ6UAqBI28+e2cm9otk0dWdXHAEo=
golang.org/x/xerrors v0.0.0-20190717185122-a985d3407aa7/go.mod h1:I/5z698sn9Ka8TeJc9MKroUUfqBBauWjQqLJ2OPfmY0=
golang.org/x/xerrors v0.0.0-20191204190536-9bdfabe68543 h1:E7g+9GITq07hpfrRu66IVDexMakfv52eLZ2CXBWiKr4=
golang.org/x/xerrors v0.0.0-20191204190536-9bdfabe68543/go.mod h1:I/5z698sn9Ka8TeJc9MKroUUfqBBauWjQqLJ2OPfmY0=
gopkg.in/check.v1 v0.0.0-20161208181325-20d25e280405/go.mod h1:Co6ibVJAznAaIkqp8huTwlJQCZ016jof/cbN4VW5Yz0=
gopkg.in/check.v1 v1.0.0-20190902080502-41f04d3bba15/go.mod h1:Co6ibVJAznAaIkqp8huTwlJQCZ016jof/cbN4VW5Yz0=
gopkg.in/fsnotify.v1 v1.4.7/go.mod h1:Tz8NjZHkW78fSQdbUxIjBTcgA1z1m8ZHf0WmKUhAMys=
gopkg.in/tomb.v1 v1.0.0-20141024135613-dd632973f1e7/go.mod h1:dt/ZhP58zS4L8KSrWDmTeBkI65Dw0HsyUHuEVlX15mw=
gopkg.in/yaml.v2 v2.2.1/go.mod h1:hI93XBmqTisBFMUTm0b8Fm+jr3Dg1NNxqwp+5A1VGuI=
gopkg.in/yaml.v2 v2.2.2/go.mod h1:hI93XBmqTisBFMUTm0b8Fm+jr3Dg1NNxqwp+5A1VGuI=
gortc.io/sdp v0.17.0 h1:gPmGXqyszHplnlMeF2X0eCOK+G8aAK4PP6puglIcofc=
gortc.io/sdp v0.17.0/go.mod h1:iwG4LtzGX1MLglrl5x7AL7cfLndFPMfJ02koQl5KIgE=
